
Microsoft Visual Studio Solution File, Format Version 12.00
# Visual Studio Version 17
VisualStudioVersion = 17.8.34408.163
MinimumVisualStudioVersion = 10.0.40219.1
Project("{FAE04EC0-301F-11D3-BF4B-00C04F79EFBC}") = "CalcularNotaAluno", "CalcularNotaAluno.csproj", "{6DA10F23-D5F5-40FA-8393-8F2FC1D71FEC}"
EndProject
Global
	GlobalSection(SolutionConfigurationPlatforms) = preSolution
		Debug|Any CPU = Debug|Any CPU
		Release|Any CPU = Release|Any CPU
	EndGlobalSection
	GlobalSection(ProjectConfigurationPlatforms) = postSolution
		{6DA10F23-D5F5-40FA-8393-8F2FC1D71FEC}.Debug|Any CPU.ActiveCfg = Debug|Any CPU
		{6DA10F23-D5F5-40FA-8393-8F2FC1D71FEC}.Debug|Any CPU.Build.0 = Debug|Any CPU
		{6DA10F23-D5F5-40FA-8393-8F2FC1D71FEC}.Release|Any CPU.ActiveCfg = Release|Any CPU
		{6DA10F23-D5F5-40FA-8393-8F2FC1D71FEC}.Release|Any CPU.Build.0 = Release|Any CPU
	EndGlobalSection
	GlobalSection(SolutionProperties) = preSolution
		HideSolutionNode = FALSE
	EndGlobalSection
	GlobalSection(ExtensibilityGlobals) = postSolution
		SolutionGuid = {D888F96A-25F1-44C9-B00E-0EE28B3AC6DD}
	EndGlobalSection
EndGlobal
